{
  "name": "projeto-locmidia",
  "version": "1.0.0",
  "lockfileVersion": 3,
  "requires": true,
  "packages": {
    "": {
      "name": "projeto-locmidia",
      "version": "1.0.0",
      "license": "ISC",
      "dependencies": {
        "basic-ftp": "^6.0.1",
        "dotenv": "^17.4.2"
      }
    },
    "node_modules/basic-ftp": {
      "version": "6.0.1",
      "resolved": "https://registry.npmjs.org/basic-ftp/-/basic-ftp-6.0.1.tgz",
      "integrity": "sha512-3ilxa3n4276wGQp/ImRAuz4ALdsj/2Wd3FqoZBZlajDYnByCZ0JMb4+26Rde0wGXIbM0G2HWSfr/Fi8b21KX8g==",
      "license": "MIT",
      "engines": {
        "node": ">=10.0.0"
      }
    },
    "node_modules/dotenv": {
      "version": "17.4.2",
      "resolved": "https://registry.npmjs.org/dotenv/-/dotenv-17.4.2.tgz",
      "integrity": "sha512-nI4U3TottKAcAD9LLud4Cb7b2QztQMUEfHbvhTH09bqXTxnSie8WnjPALV/WMCrJZ6UV/qHJ6L03OqO3LcdYZw==",
      "license": "BSD-2-Clause",
      "engines": {
        "node": ">=12"
      },
      "funding": {
        "url": "https://dotenvx.com"
      }
    }
  }
}
